
Microsoft Visual Studio Solution File, Format Version 12.00
# Visual Studio Version 17
VisualStudioVersion = 17.3.32825.248
MinimumVisualStudioVersion = 10.0.40219.1
Project("{FAE04EC0-301F-11D3-BF4B-00C04F79EFBC}") = "LibraryService", "LibraryService\LibraryService.csproj", "{6A918725-B7E8-40EF-B489-47EDCA915773}"
EndProject
Project("{9A19103F-16F7-4668-BE54-9A1E7A4F7556}") = "LibraryService.Web", "LibraryService.Web\LibraryService.Web.csproj", "{EE725C08-F409-4114-A1D3-D9CBDE62ABE0}"
EndProject
Project("{FAE04EC0-301F-11D3-BF4B-00C04F79EFBC}") = "PumpService", "PumpService\PumpService.csproj", "{CAB1A674-3D59-44B2-9C33-AAA0229147D7}"
EndProject
Project("{FAE04EC0-301F-11D3-BF4B-00C04F79EFBC}") = "PumpClient", "PumpClient\PumpClient.csproj", "{D2ADA90D-6CFE-4E29-A0EE-B213DD5D7B11}"
EndProject
Project("{9A19103F-16F7-4668-BE54-9A1E7A4F7556}") = "ClinicService", "ClinicService\ClinicService.csproj", "{97F85497-A08D-40D0-A4E3-7F34CDBA54D5}"
EndProject
Project("{9A19103F-16F7-4668-BE54-9A1E7A4F7556}") = "ClinicService.Context", "ClinicService.Context\ClinicService.Context.csproj", "{B6490036-0385-48A5-B16A-33116F326EA4}"
EndProject
Project("{9A19103F-16F7-4668-BE54-9A1E7A4F7556}") = "ClinicService.Data", "ClinicService.Data\ClinicService.Data.csproj", "{B96CD664-C29F-4CF9-B466-928A1989F565}"
EndProject
Project("{9A19103F-16F7-4668-BE54-9A1E7A4F7556}") = "ClinicClient", "ClinicClient\ClinicClient.csproj", "{F27A4655-4634-460A-8F38-4E8935E65D9D}"
EndProject
Project("{9A19103F-16F7-4668-BE54-9A1E7A4F7556}") = "JwtSample", "JwtSample\JwtSample.csproj", "{26112008-639F-4F2B-A61C-668720DD8AE8}"
EndProject
Project("{FAE04EC0-301F-11D3-BF4B-00C04F79EFBC}") = "AccountSample", "AccountSample\AccountSample.csproj", "{E63A253E-9BF8-4F68-93E0-7A27F427489C}"
EndProject
Global
	GlobalSection(SolutionConfigurationPlatforms) = preSolution
		Debug|Any CPU = Debug|Any CPU
		Release|Any CPU = Release|Any CPU
	EndGlobalSection
	GlobalSection(ProjectConfigurationPlatforms) = postSolution
		{6A918725-B7E8-40EF-B489-47EDCA915773}.Debug|Any CPU.ActiveCfg = Debug|Any CPU
		{6A918725-B7E8-40EF-B489-47EDCA915773}.Debug|Any CPU.Build.0 = Debug|Any CPU
		{6A918725-B7E8-40EF-B489-47EDCA915773}.Release|Any CPU.ActiveCfg = Release|Any CPU
		{6A918725-B7E8-40EF-B489-47EDCA915773}.Release|Any CPU.Build.0 = Release|Any CPU
		{EE725C08-F409-4114-A1D3-D9CBDE62ABE0}.Debug|Any CPU.ActiveCfg = Debug|Any CPU
		{EE725C08-F409-4114-A1D3-D9CBDE62ABE0}.Debug|Any CPU.Build.0 = Debug|Any CPU
		{EE725C08-F409-4114-A1D3-D9CBDE62ABE0}.Release|Any CPU.ActiveCfg = Release|Any CPU
		{EE725C08-F409-4114-A1D3-D9CBDE62ABE0}.Release|Any CPU.Build.0 = Release|Any CPU
		{CAB1A674-3D59-44B2-9C33-AAA0229147D7}.Debug|Any CPU.ActiveCfg = Debug|Any CPU
		{CAB1A674-3D59-44B2-9C33-AAA0229147D7}.Debug|Any CPU.Build.0 = Debug|Any CPU
		{CAB1A674-3D59-44B2-9C33-AAA0229147D7}.Release|Any CPU.ActiveCfg = Release|Any CPU
		{CAB1A674-3D59-44B2-9C33-AAA0229147D7}.Release|Any CPU.Build.0 = Release|Any CPU
		{D2ADA90D-6CFE-4E29-A0EE-B213DD5D7B11}.Debug|Any CPU.ActiveCfg = Debug|Any CPU
		{D2ADA90D-6CFE-4E29-A0EE-B213DD5D7B11}.Debug|Any CPU.Build.0 = Debug|Any CPU
		{D2ADA90D-6CFE-4E29-A0EE-B213DD5D7B11}.Release|Any CPU.ActiveCfg = Release|Any CPU
		{D2ADA90D-6CFE-4E29-A0EE-B213DD5D7B11}.Release|Any CPU.Build.0 = Release|Any CPU
		{97F85497-A08D-40D0-A4E3-7F34CDBA54D5}.Debug|Any CPU.ActiveCfg = Debug|Any CPU
		{97F85497-A08D-40D0-A4E3-7F34CDBA54D5}.Debug|Any CPU.Build.0 = Debug|Any CPU
		{97F85497-A08D-40D0-A4E3-7F34CDBA54D5}.Release|Any CPU.ActiveCfg = Release|Any CPU
		{97F85497-A08D-40D0-A4E3-7F34CDBA54D5}.Release|Any CPU.Build.0 = Release|Any CPU
		{B6490036-0385-48A5-B16A-33116F326EA4}.Debug|Any CPU.ActiveCfg = Debug|Any CPU
		{B6490036-0385-48A5-B16A-33116F326EA4}.Debug|Any CPU.Build.0 = Debug|Any CPU
		{B6490036-0385-48A5-B16A-33116F326EA4}.Release|Any CPU.ActiveCfg = Release|Any CPU
		{B6490036-0385-48A5-B16A-33116F326EA4}.Release|Any CPU.Build.0 = Release|Any CPU
		{B96CD664-C29F-4CF9-B466-928A1989F565}.Debug|Any CPU.ActiveCfg = Debug|Any CPU
		{B96CD664-C29F-4CF9-B466-928A1989F565}.Debug|Any CPU.Build.0 = Debug|Any CPU
		{B96CD664-C29F-4CF9-B466-928A1989F565}.Release|Any CPU.ActiveCfg = Release|Any CPU
		{B96CD664-C29F-4CF9-B466-928A1989F565}.Release|Any CPU.Build.0 = Release|Any CPU
		{F27A4655-4634-460A-8F38-4E8935E65D9D}.Debug|Any CPU.ActiveCfg = Debug|Any CPU
		{F27A4655-4634-460A-8F38-4E8935E65D9D}.Debug|Any CPU.Build.0 = Debug|Any CPU
		{F27A4655-4634-460A-8F38-4E8935E65D9D}.Release|Any CPU.ActiveCfg = Release|Any CPU
		{F27A4655-4634-460A-8F38-4E8935E65D9D}.Release|Any CPU.Build.0 = Release|Any CPU
		{26112008-639F-4F2B-A61C-668720DD8AE8}.Debug|Any CPU.ActiveCfg = Debug|Any CPU
		{26112008-639F-4F2B-A61C-668720DD8AE8}.Debug|Any CPU.Build.0 = Debug|Any CPU
		{26112008-639F-4F2B-A61C-668720DD8AE8}.Release|Any CPU.ActiveCfg = Release|Any CPU
		{26112008-639F-4F2B-A61C-668720DD8AE8}.Release|Any CPU.Build.0 = Release|Any CPU
		{E63A253E-9BF8-4F68-93E0-7A27F427489C}.Debug|Any CPU.ActiveCfg = Debug|Any CPU
		{E63A253E-9BF8-4F68-93E0-7A27F427489C}.Debug|Any CPU.Build.0 = Debug|Any CPU
		{E63A253E-9BF8-4F68-93E0-7A27F427489C}.Release|Any CPU.ActiveCfg = Release|Any CPU
		{E63A253E-9BF8-4F68-93E0-7A27F427489C}.Release|Any CPU.Build.0 = Release|Any CPU
	EndGlobalSection
	GlobalSection(SolutionProperties) = preSolution
		HideSolutionNode = FALSE
	EndGlobalSection
	GlobalSection(ExtensibilityGlobals) = postSolution
		SolutionGuid = {5E3A973C-4F1F-42F7-B83A-4CBE751C3FA2}
	EndGlobalSection
EndGlobal
